PODS:
  - AlipaySDK-Official (0.0.1)
  - XVIEWAlipayManager (0.1.3):
    - AlipaySDK-Official

DEPENDENCIES:
  - XVIEWAlipayManager (from `../`)

SPEC REPOS:
  https://github.com/cocoapods/specs.git:
    - AlipaySDK-Official

EXTERNAL SOURCES:
  XVIEWAlipayManager:
    :path: "../"

SPEC CHECKSUMS:
  AlipaySDK-Official: 30f8e216033c98d848dd02173626b92ac1c18661
  XVIEWAlipayManager: 00d0754705d9400937b2950e61b7c8e2fe0da5d5

PODFILE CHECKSUM: 58517b57446f3a7f4153d635e6d6e1fceafb74a6

COCOAPODS: 1.5.3
